
Microsoft Visual Studio Solution File, Format Version 10.00
# Visual Studio 2008
Project("{FAE04EC0-301F-11D3-BF4B-00C04F79EFBC}") = "RestBucks", "RestBucks\RestBucks.csproj", "{986F21FF-B1BB-4A0A-9EFD-2E6F9EC34A8E}"
EndProject
Global
	GlobalSection(SolutionConfigurationPlatforms) = preSolution
		Debug|Any CPU = Debug|Any CPU
		Release|Any CPU = Release|Any CPU
	EndGlobalSection
	GlobalSection(ProjectConfigurationPlatforms) = postSolution
		{986F21FF-B1BB-4A0A-9EFD-2E6F9EC34A8E}.Debug|Any CPU.ActiveCfg = Debug|Any CPU
		{986F21FF-B1BB-4A0A-9EFD-2E6F9EC34A8E}.Debug|Any CPU.Build.0 = Debug|Any CPU
		{986F21FF-B1BB-4A0A-9EFD-2E6F9EC34A8E}.Release|Any CPU.ActiveCfg = Release|Any CPU
		{986F21FF-B1BB-4A0A-9EFD-2E6F9EC34A8E}.Release|Any CPU.Build.0 = Release|Any CPU
	EndGlobalSection
	GlobalSection(MonoDevelopProperties) = preSolution
		StartupItem = RestBucks\RestBucks.csproj
	EndGlobalSection
EndGlobal
